// !$*UTF8*$!
{
	archiveVersion = 1;
	classes = {
	};
	objectVersion = 46;
	objects = {

/* Begin PBXBuildFile section */
		23A3FF571E23D4CA00D8BEA6 /* main.m in Sources */ = {isa = PBXBuildFile; fileRef = 23A3FF561E23D4CA00D8BEA6 /* main.m */; };
		23A3FF5A1E23D4CA00D8BEA6 /* AppDelegate.m in Sources */ = {isa = PBXBuildFile; fileRef = 23A3FF591E23D4CA00D8BEA6 /* AppDelegate.m */; };
		23A3FF5D1E23D4CA00D8BEA6 /* ViewController.m in Sources */ = {isa = PBXBuildFile; fileRef = 23A3FF5C1E23D4CA00D8BEA6 /* ViewController.m */; };
		23A3FF601E23D4CA00D8BEA6 /* Main.storyboard in Resources */ = {isa = PBXBuildFile; fileRef = 23A3FF5E1E23D4CA00D8BEA6 /* Main.storyboard */; };
		23A3FF621E23D4CA00D8BEA6 /* Assets.xcassets in Resources */ = {isa = PBXBuildFile; fileRef = 23A3FF611E23D4CA00D8BEA6 /* Assets.xcassets */; };
		23A3FF651E23D4CA00D8BEA6 /* LaunchScreen.storyboard in Resources */ = {isa = PBXBuildFile; fileRef = 23A3FF631E23D4CA00D8BEA6 /* LaunchScreen.storyboard */; };
		23A3FF701E23D4CA00D8BEA6 /* ex1_1_4Tests.m in Sources */ = {isa = PBXBuildFile; fileRef = 23A3FF6F1E23D4CA00D8BEA6 /* ex1_1_4Tests.m */; };
		23A3FF7B1E23D4CA00D8BEA6 /* ex1_1_4UITests.m in Sources */ = {isa = PBXBuildFile; fileRef = 23A3FF7A1E23D4CA00D8BEA6 /* ex1_1_4UITests.m */; };
/* End PBXBuildFile section */

/* Begin PBXContainerItemProxy section */
		23A3FF6C1E23D4CA00D8BEA6 /* PBXContainerItemProxy */ = {
			isa = PBXContainerItemProxy;
			containerPortal = 23A3FF4A1E23D4CA00D8BEA6 /* Project object */;
			proxyType = 1;
			remoteGlobalIDString = 23A3FF511E23D4CA00D8BEA6;
			remoteInfo = "ex1-1-4";
		};
		23A3FF771E23D4CA00D8BEA6 /* PBXContainerItemProxy */ = {
			isa = PBXContainerItemProxy;
			containerPortal = 23A3FF4A1E23D4CA00D8BEA6 /* Project object */;
			proxyType = 1;
			remoteGlobalIDString = 23A3FF511E23D4CA00D8BEA6;
			remoteInfo = "ex1-1-4";
		};
/* End PBXContainerItemProxy section */

/* Begin PBXFileReference section */
		23A3FF521E23D4CA00D8BEA6 /* ex1-1-4.app */ = {isa = PBXFileReference; explicitFileType = wrapper.application; includeInIndex = 0; path = "ex1-1-4.app"; sourceTree = BUILT_PRODUCTS_DIR; };
		23A3FF561E23D4CA00D8BEA6 /* main.m */ = {isa = PBXFileReference; lastKnownFileType = sourcecode.c.objc; path = main.m; sourceTree = "<group>"; };
		23A3FF581E23D4CA00D8BEA6 /* AppDelegate.h */ = {isa = PBXFileReference; lastKnownFileType = sourcecode.c.h; path = AppDelegate.h; sourceTree = "<group>"; };
		23A3FF591E23D4CA00D8BEA6 /* AppDelegate.m */ = {isa = PBXFileReference; lastKnownFileType = sourcecode.c.objc; path = AppDelegate.m; sourceTree = "<group>"; };
		23A3FF5B1E23D4CA00D8BEA6 /* ViewController.h */ = {isa = PBXFileReference; lastKnownFileType = sourcecode.c.h; path = ViewController.h; sourceTree = "<group>"; };
		23A3FF5C1E23D4CA00D8BEA6 /* ViewController.m */ = {isa = PBXFileReference; lastKnownFileType = sourcecode.c.objc; path = ViewController.m; sourceTree = "<group>"; };
		23A3FF5F1E23D4CA00D8BEA6 /* Base */ = {isa = PBXFileReference; lastKnownFileType = file.storyboard; name = Base; path = Base.lproj/Main.storyboard; sourceTree = "<group>"; };
		23A3FF611E23D4CA00D8BEA6 /* Assets.xcassets */ = {isa = PBXFileReference; lastKnownFileType = folder.assetcatalog; path = Assets.xcassets; sourceTree = "<group>"; };
		23A3FF641E23D4CA00D8BEA6 /* Base */ = {isa = PBXFileReference; lastKnownFileType = file.storyboard; name = Base; path = Base.lproj/LaunchScreen.storyboard; sourceTree = "<group>"; };
		23A3FF661E23D4CA00D8BEA6 /* Info.plist */ = {isa = PBXFileReference; lastKnownFileType = text.plist.xml; path = Info.plist; sourceTree = "<group>"; };
		23A3FF6B1E23D4CA00D8BEA6 /* ex1-1-4Tests.xctest */ = {isa = PBXFileReference; explicitFileType = wrapper.cfbundle; includeInIndex = 0; path = "ex1-1-4Tests.xctest"; sourceTree = BUILT_PRODUCTS_DIR; };
		23A3FF6F1E23D4CA00D8BEA6 /* ex1_1_4Tests.m */ = {isa = PBXFileReference; lastKnownFileType = sourcecode.c.objc; path = ex1_1_4Tests.m; sourceTree = "<group>"; };
		23A3FF711E23D4CA00D8BEA6 /* Info.plist */ = {isa = PBXFileReference; lastKnownFileType = text.plist.xml; path = Info.plist; sourceTree = "<group>"; };
		23A3FF761E23D4CA00D8BEA6 /* ex1-1-4UITests.xctest */ = {isa = PBXFileReference; explicitFileType = wrapper.cfbundle; includeInIndex = 0; path = "ex1-1-4UITests.xctest"; sourceTree = BUILT_PRODUCTS_DIR; };
		23A3FF7A1E23D4CA00D8BEA6 /* ex1_1_4UITests.m */ = {isa = PBXFileReference; lastKnownFileType = sourcecode.c.objc; path = ex1_1_4UITests.m; sourceTree = "<group>"; };
		23A3FF7C1E23D4CA00D8BEA6 /* Info.plist */ = {isa = PBXFileReference; lastKnownFileType = text.plist.xml; path = Info.plist; sourceTree = "<group>"; };
/* End PBXFileReference section */

/* Begin PBXFrameworksBuildPhase section */
		23A3FF4F1E23D4CA00D8BEA6 /* Frameworks */ = {
			isa = PBXFrameworksBuildPhase;
			buildActionMask = 2147483647;
			files = (
			);
			runOnlyForDeploymentPostprocessing = 0;
		};
		23A3FF681E23D4CA00D8BEA6 /* Frameworks */ = {
			isa = PBXFrameworksBuildPhase;
			buildActionMask = 2147483647;
			files = (
			);
			runOnlyForDeploymentPostprocessing = 0;
		};
		23A3FF731E23D4CA00D8BEA6 /* Frameworks */ = {
			isa = PBXFrameworksBuildPhase;
			buildActionMask = 2147483647;
			files = (
			);
			runOnlyForDeploymentPostprocessing = 0;
		};
/* End PBXFrameworksBuildPhase section */

/* Begin PBXGroup section */
		23A3FF491E23D4CA00D8BEA6 = {
			isa = PBXGroup;
			children = (
				23A3FF541E23D4CA00D8BEA6 /* ex1-1-4 */,
				23A3FF6E1E23D4CA00D8BEA6 /* ex1-1-4Tests */,
				23A3FF791E23D4CA00D8BEA6 /* ex1-1-4UITests */,
				23A3FF531E23D4CA00D8BEA6 /* Products */,
			);
			sourceTree = "<group>";
		};
		23A3FF531E23D4CA00D8BEA6 /* Products */ = {
			isa = PBXGroup;
			children = (
				23A3FF521E23D4CA00D8BEA6 /* ex1-1-4.app */,
				23A3FF6B1E23D4CA00D8BEA6 /* ex1-1-4Tests.xctest */,
				23A3FF761E23D4CA00D8BEA6 /* ex1-1-4UITests.xctest */,
			);
			name = Products;
			sourceTree = "<group>";
		};
		23A3FF541E23D4CA00D8BEA6 /* ex1-1-4 */ = {
			isa = PBXGroup;
			children = (
				23A3FF581E23D4CA00D8BEA6 /* AppDelegate.h */,
				23A3FF591E23D4CA00D8BEA6 /* AppDelegate.m */,
				23A3FF5B1E23D4CA00D8BEA6 /* ViewController.h */,
				23A3FF5C1E23D4CA00D8BEA6 /* ViewController.m */,
				23A3FF5E1E23D4CA00D8BEA6 /* Main.storyboard */,
				23A3FF611E23D4CA00D8BEA6 /* Assets.xcassets */,
				23A3FF631E23D4CA00D8BEA6 /* LaunchScreen.storyboard */,
				23A3FF661E23D4CA00D8BEA6 /* Info.plist */,
				23A3FF551E23D4CA00D8BEA6 /* Supporting Files */,
			);
			path = "ex1-1-4";
			sourceTree = "<group>";
		};
		23A3FF551E23D4CA00D8BEA6 /* Supporting Files */ = {
			isa = PBXGroup;
			children = (
				23A3FF561E23D4CA00D8BEA6 /* main.m */,
			);
			name = "Supporting Files";
			sourceTree = "<group>";
		};
		23A3FF6E1E23D4CA00D8BEA6 /* ex1-1-4Tests */ = {
			isa = PBXGroup;
			children = (
				23A3FF6F1E23D4CA00D8BEA6 /* ex1_1_4Tests.m */,
				23A3FF711E23D4CA00D8BEA6 /* Info.plist */,
			);
			path = "ex1-1-4Tests";
			sourceTree = "<group>";
		};
		23A3FF791E23D4CA00D8BEA6 /* ex1-1-4UITests */ = {
			isa = PBXGroup;
			children = (
				23A3FF7A1E23D4CA00D8BEA6 /* ex1_1_4UITests.m */,
				23A3FF7C1E23D4CA00D8BEA6 /* Info.plist */,
			);
			path = "ex1-1-4UITests";
			sourceTree = "<group>";
		};
/* End PBXGroup section */

/* Begin PBXNativeTarget section */
		23A3FF511E23D4CA00D8BEA6 /* ex1-1-4 */ = {
			isa = PBXNativeTarget;
			buildConfigurationList = 23A3FF7F1E23D4CA00D8BEA6 /* Build configuration list for PBXNativeTarget "ex1-1-4" */;
			buildPhases = (
				23A3FF4E1E23D4CA00D8BEA6 /* Sources */,
				23A3FF4F1E23D4CA00D8BEA6 /* Frameworks */,
				23A3FF501E23D4CA00D8BEA6 /* Resources */,
			);
			buildRules = (
			);
			dependencies = (
			);
			name = "ex1-1-4";
			productName = "ex1-1-4";
			productReference = 23A3FF521E23D4CA00D8BEA6 /* ex1-1-4.app */;
			productType = "com.apple.product-type.application";
		};
		23A3FF6A1E23D4CA00D8BEA6 /* ex1-1-4Tests */ = {
			isa = PBXNativeTarget;
			buildConfigurationList = 23A3FF821E23D4CA00D8BEA6 /* Build configuration list for PBXNativeTarget "ex1-1-4Tests" */;
			buildPhases = (
				23A3FF671E23D4CA00D8BEA6 /* Sources */,
				23A3FF681E23D4CA00D8BEA6 /* Frameworks */,
				23A3FF691E23D4CA00D8BEA6 /* Resources */,
			);
			buildRules = (
			);
			dependencies = (
				23A3FF6D1E23D4CA00D8BEA6 /* PBXTargetDependency */,
			);
			name = "ex1-1-4Tests";
			productName = "ex1-1-4Tests";
			productReference = 23A3FF6B1E23D4CA00D8BEA6 /* ex1-1-4Tests.xctest */;
			productType = "com.apple.product-type.bundle.unit-test";
		};
		23A3FF751E23D4CA00D8BEA6 /* ex1-1-4UITests */ = {
			isa = PBXNativeTarget;
			buildConfigurationList = 23A3FF851E23D4CA00D8BEA6 /* Build configuration list for PBXNativeTarget "ex1-1-4UITests" */;
			buildPhases = (
				23A3FF721E23D4CA00D8BEA6 /* Sources */,
				23A3FF731E23D4CA00D8BEA6 /* Frameworks */,
				23A3FF741E23D4CA00D8BEA6 /* Resources */,
			);
			buildRules = (
			);
			dependencies = (
				23A3FF781E23D4CA00D8BEA6 /* PBXTargetDependency */,
			);
			name = "ex1-1-4UITests";
			productName = "ex1-1-4UITests";
			productReference = 23A3FF761E23D4CA00D8BEA6 /* ex1-1-4UITests.xctest */;
			productType = "com.apple.product-type.bundle.ui-testing";
		};
/* End PBXNativeTarget section */

/* Begin PBXProject section */
		23A3FF4A1E23D4CA00D8BEA6 /* Project object */ = {
			isa = PBXProject;
			attributes = {
				LastUpgradeCheck = 0730;
				ORGANIZATIONNAME = B015;
				TargetAttributes = {
					23A3FF511E23D4CA00D8BEA6 = {
						CreatedOnToolsVersion = 7.3;
					};
					23A3FF6A1E23D4CA00D8BEA6 = {
						CreatedOnToolsVersion = 7.3;
						TestTargetID = 23A3FF511E23D4CA00D8BEA6;
					};
					23A3FF751E23D4CA00D8BEA6 = {
						CreatedOnToolsVersion = 7.3;
						TestTargetID = 23A3FF511E23D4CA00D8BEA6;
					};
				};
			};
			buildConfigurationList = 23A3FF4D1E23D4CA00D8BEA6 /* Build configuration list for PBXProject "ex1-1-4" */;
			compatibilityVersion = "Xcode 3.2";
			developmentRegion = English;
			hasScannedForEncodings = 0;
			knownRegions = (
				en,
				Base,
			);
			mainGroup = 23A3FF491E23D4CA00D8BEA6;
			productRefGroup = 23A3FF531E23D4CA00D8BEA6 /* Products */;
			projectDirPath = "";
			projectRoot = "";
			targets = (
				23A3FF511E23D4CA00D8BEA6 /* ex1-1-4 */,
				23A3FF6A1E23D4CA00D8BEA6 /* ex1-1-4Tests */,
				23A3FF751E23D4CA00D8BEA6 /* ex1-1-4UITests */,
			);
		};
/* End PBXProject section */

/* Begin PBXResourcesBuildPhase section */
		23A3FF501E23D4CA00D8BEA6 /* Resources */ = {
			isa = PBXResourcesBuildPhase;
			buildActionMask = 2147483647;
			files = (
				23A3FF651E23D4CA00D8BEA6 /* LaunchScreen.storyboard in Resources */,
				23A3FF621E23D4CA00D8BEA6 /* Assets.xcassets in Resources */,
				23A3FF601E23D4CA00D8BEA6 /* Main.storyboard in Resources */,
			);
			runOnlyForDeploymentPostprocessing = 0;
		};
		23A3FF691E23D4CA00D8BEA6 /* Resources */ = {
			isa = PBXResourcesBuildPhase;
			buildActionMask = 2147483647;
			files = (
			);
			runOnlyForDeploymentPostprocessing = 0;
		};
		23A3FF741E23D4CA00D8BEA6 /* Resources */ = {
			isa = PBXResourcesBuildPhase;
			buildActionMask = 2147483647;
			files = (
			);
			runOnlyForDeploymentPostprocessing = 0;
		};
/* End PBXResourcesBuildPhase section */

/* Begin PBXSourcesBuildPhase section */
		23A3FF4E1E23D4CA00D8BEA6 /* Sources */ = {
			isa = PBXSourcesBuildPhase;
			buildActionMask = 2147483647;
			files = (
				23A3FF5D1E23D4CA00D8BEA6 /* ViewController.m in Sources */,
				23A3FF5A1E23D4CA00D8BEA6 /* AppDelegate.m in Sources */,
				23A3FF571E23D4CA00D8BEA6 /* main.m in Sources */,
			);
			runOnlyForDeploymentPostprocessing = 0;
		};
		23A3FF671E23D4CA00D8BEA6 /* Sources */ = {
			isa = PBXSourcesBuildPhase;
			buildActionMask = 2147483647;
			files = (
				23A3FF701E23D4CA00D8BEA6 /* ex1_1_4Tests.m in Sources */,
			);
			runOnlyForDeploymentPostprocessing = 0;
		};
		23A3FF721E23D4CA00D8BEA6 /* Sources */ = {
			isa = PBXSourcesBuildPhase;
			buildActionMask = 2147483647;
			files = (
				23A3FF7B1E23D4CA00D8BEA6 /* ex1_1_4UITests.m in Sources */,
			);
			runOnlyForDeploymentPostprocessing = 0;
		};
/* End PBXSourcesBuildPhase section */

/* Begin PBXTargetDependency section */
		23A3FF6D1E23D4CA00D8BEA6 /* PBXTargetDependency */ = {
			isa = PBXTargetDependency;
			target = 23A3FF511E23D4CA00D8BEA6 /* ex1-1-4 */;
			targetProxy = 23A3FF6C1E23D4CA00D8BEA6 /* PBXContainerItemProxy */;
		};
		23A3FF781E23D4CA00D8BEA6 /* PBXTargetDependency */ = {
			isa = PBXTargetDependency;
			target = 23A3FF511E23D4CA00D8BEA6 /* ex1-1-4 */;
			targetProxy = 23A3FF771E23D4CA00D8BEA6 /* PBXContainerItemProxy */;
		};
/* End PBXTargetDependency section */

/* Begin PBXVariantGroup section */
		23A3FF5E1E23D4CA00D8BEA6 /* Main.storyboard */ = {
			isa = PBXVariantGroup;
			children = (
				23A3FF5F1E23D4CA00D8BEA6 /* Base */,
			);
			name = Main.storyboard;
			sourceTree = "<group>";
		};
		23A3FF631E23D4CA00D8BEA6 /* LaunchScreen.storyboard */ = {
			isa = PBXVariantGroup;
			children = (
				23A3FF641E23D4CA00D8BEA6 /* Base */,
			);
			name = LaunchScreen.storyboard;
			sourceTree = "<group>";
		};
/* End PBXVariantGroup section */

/* Begin XCBuildConfiguration section */
		23A3FF7D1E23D4CA00D8BEA6 /* Debug */ = {
			isa = XCBuildConfiguration;
			buildSettings = {
				ALWAYS_SEARCH_USER_PATHS = NO;
				CLANG_ANALYZER_NONNULL = YES;
				CLANG_CXX_LANGUAGE_STANDARD = "gnu++0x";
				CLANG_CXX_LIBRARY = "libc++";
				CLANG_ENABLE_MODULES = YES;
				CLANG_ENABLE_OBJC_ARC = YES;
				CLANG_WARN_BOOL_CONVERSION = YES;
				CLANG_WARN_CONSTANT_CONVERSION = YES;
				CLANG_WARN_DIRECT_OBJC_ISA_USAGE = YES_ERROR;
				CLANG_WARN_EMPTY_BODY = YES;
				CLANG_WARN_ENUM_CONVERSION = YES;
				CLANG_WARN_INT_CONVERSION = YES;
				CLANG_WARN_OBJC_ROOT_CLASS = YES_ERROR;
				CLANG_WARN_UNREACHABLE_CODE = YES;
				CLANG_WARN__DUPLICATE_METHOD_MATCH = YES;
				"CODE_SIGN_IDENTITY[sdk=iphoneos*]" = "iPhone Developer";
				COPY_PHASE_STRIP = NO;
				DEBUG_INFORMATION_FORMAT = dwarf;
				ENABLE_STRICT_OBJC_MSGSEND = YES;
				ENABLE_TESTABILITY = YES;
				GCC_C_LANGUAGE_STANDARD = gnu99;
				GCC_DYNAMIC_NO_PIC = NO;
				GCC_NO_COMMON_BLOCKS = YES;
				GCC_OPTIMIZATION_LEVEL = 0;
				GCC_PREPROCESSOR_DEFINITIONS = (
					"DEBUG=1",
					"$(inherited)",
				);
				GCC_WARN_64_TO_32_BIT_CONVERSION = YES;
				GCC_WARN_ABOUT_RETURN_TYPE = YES_ERROR;
				GCC_WARN_UNDECLARED_SELECTOR = YES;
				GCC_WARN_UNINITIALIZED_AUTOS = YES_AGGRESSIVE;
				GCC_WARN_UNUSED_FUNCTION = YES;
				GCC_WARN_UNUSED_VARIABLE = YES;
				IPHONEOS_DEPLOYMENT_TARGET = 9.3;
				MTL_ENABLE_DEBUG_INFO = YES;
				ONLY_ACTIVE_ARCH = YES;
				SDKROOT = iphoneos;
			};
			name = Debug;
		};
		23A3FF7E1E23D4CA00D8BEA6 /* Release */ = {
			isa = XCBuildConfiguration;
			buildSettings = {
				ALWAYS_SEARCH_USER_PATHS = NO;
				CLANG_ANALYZER_NONNULL = YES;
				CLANG_CXX_LANGUAGE_STANDARD = "gnu++0x";
				CLANG_CXX_LIBRARY = "libc++";
				CLANG_ENABLE_MODULES = YES;
				CLANG_ENABLE_OBJC_ARC = YES;
				CLANG_WARN_BOOL_CONVERSION = YES;
				CLANG_WARN_CONSTANT_CONVERSION = YES;
				CLANG_WARN_DIRECT_OBJC_ISA_USAGE = YES_ERROR;
				CLANG_WARN_EMPTY_BODY = YES;
				CLANG_WARN_ENUM_CONVERSION = YES;
				CLANG_WARN_INT_CONVERSION = YES;
				CLANG_WARN_OBJC_ROOT_CLASS = YES_ERROR;
				CLANG_WARN_UNREACHABLE_CODE = YES;
				CLANG_WARN__DUPLICATE_METHOD_MATCH = YES;
				"CODE_SIGN_IDENTITY[sdk=iphoneos*]" = "iPhone Developer";
				COPY_PHASE_STRIP = NO;
				DEBUG_INFORMATION_FORMAT = "dwarf-with-dsym";
				ENABLE_NS_ASSERTIONS = NO;
				ENABLE_STRICT_OBJC_MSGSEND = YES;
				GCC_C_LANGUAGE_STANDARD = gnu99;
				GCC_NO_COMMON_BLOCKS = YES;
				GCC_WARN_64_TO_32_BIT_CONVERSION = YES;
				GCC_WARN_ABOUT_RETURN_TYPE = YES_ERROR;
				GCC_WARN_UNDECLARED_SELECTOR = YES;
				GCC_WARN_UNINITIALIZED_AUTOS = YES_AGGRESSIVE;
				GCC_WARN_UNUSED_FUNCTION = YES;
				GCC_WARN_UNUSED_VARIABLE = YES;
				IPHONEOS_DEPLOYMENT_TARGET = 9.3;
				MTL_ENABLE_DEBUG_INFO = NO;
				SDKROOT = iphoneos;
				VALIDATE_PRODUCT = YES;
			};
			name = Release;
		};
		23A3FF801E23D4CA00D8BEA6 /* Debug */ = {
			isa = XCBuildConfiguration;
			buildSettings = {
				ASSETCATALOG_COMPILER_APPICON_NAME = AppIcon;
				INFOPLIST_FILE = "ex1-1-4/Info.plist";
				LD_RUNPATH_SEARCH_PATHS = "$(inherited) @executable_path/Frameworks";
				PRODUCT_BUNDLE_IDENTIFIER = "aaaaaa.ex1-1-4";
				PRODUCT_NAME = "$(TARGET_NAME)";
			};
			name = Debug;
		};
		23A3FF811E23D4CA00D8BEA6 /* Release */ = {
			isa = XCBuildConfiguration;
			buildSettings = {
				ASSETCATALOG_COMPILER_APPICON_NAME = AppIcon;
				INFOPLIST_FILE = "ex1-1-4/Info.plist";
				LD_RUNPATH_SEARCH_PATHS = "$(inherited) @executable_path/Frameworks";
				PRODUCT_BUNDLE_IDENTIFIER = "aaaaaa.ex1-1-4";
				PRODUCT_NAME = "$(TARGET_NAME)";
			};
			name = Release;
		};
		23A3FF831E23D4CA00D8BEA6 /* Debug */ = {
			isa = XCBuildConfiguration;
			buildSettings = {
				BUNDLE_LOADER = "$(TEST_HOST)";
				INFOPLIST_FILE = "ex1-1-4Tests/Info.plist";
				LD_RUNPATH_SEARCH_PATHS = "$(inherited) @executable_path/Frameworks @loader_path/Frameworks";
				PRODUCT_BUNDLE_IDENTIFIER = "aaaaaa.ex1-1-4Tests";
				PRODUCT_NAME = "$(TARGET_NAME)";
				TEST_HOST = "$(BUILT_PRODUCTS_DIR)/ex1-1-4.app/ex1-1-4";
			};
			name = Debug;
		};
		23A3FF841E23D4CA00D8BEA6 /* Release */ = {
			isa = XCBuildConfiguration;
			buildSettings = {
				BUNDLE_LOADER = "$(TEST_HOST)";
				INFOPLIST_FILE = "ex1-1-4Tests/Info.plist";
				LD_RUNPATH_SEARCH_PATHS = "$(inherited) @executable_path/Frameworks @loader_path/Frameworks";
				PRODUCT_BUNDLE_IDENTIFIER = "aaaaaa.ex1-1-4Tests";
				PRODUCT_NAME = "$(TARGET_NAME)";
				TEST_HOST = "$(BUILT_PRODUCTS_DIR)/ex1-1-4.app/ex1-1-4";
			};
			name = Release;
		};
		23A3FF861E23D4CA00D8BEA6 /* Debug */ = {
			isa = XCBuildConfiguration;
			buildSettings = {
				INFOPLIST_FILE = "ex1-1-4UITests/Info.plist";
				LD_RUNPATH_SEARCH_PATHS = "$(inherited) @executable_path/Frameworks @loader_path/Frameworks";
				PRODUCT_BUNDLE_IDENTIFIER = "aaaaaa.ex1-1-4UITests";
				PRODUCT_NAME = "$(TARGET_NAME)";
				TEST_TARGET_NAME = "ex1-1-4";
			};
			name = Debug;
		};
		23A3FF871E23D4CA00D8BEA6 /* Release */ = {
			isa = XCBuildConfiguration;
			buildSettings = {
				INFOPLIST_FILE = "ex1-1-4UITests/Info.plist";
				LD_RUNPATH_SEARCH_PATHS = "$(inherited) @executable_path/Frameworks @loader_path/Frameworks";
				PRODUCT_BUNDLE_IDENTIFIER = "aaaaaa.ex1-1-4UITests";
				PRODUCT_NAME = "$(TARGET_NAME)";
				TEST_TARGET_NAME = "ex1-1-4";
			};
			name = Release;
		};
/* End XCBuildConfiguration section */

/* Begin XCConfigurationList section */
		23A3FF4D1E23D4CA00D8BEA6 /* Build configuration list for PBXProject "ex1-1-4" */ = {
			isa = XCConfigurationList;
			buildConfigurations = (
				23A3FF7D1E23D4CA00D8BEA6 /* Debug */,
				23A3FF7E1E23D4CA00D8BEA6 /* Release */,
			);
			defaultConfigurationIsVisible = 0;
			defaultConfigurationName = Release;
		};
		23A3FF7F1E23D4CA00D8BEA6 /* Build configuration list for PBXNativeTarget "ex1-1-4" */ = {
			isa = XCConfigurationList;
			buildConfigurations = (
				23A3FF801E23D4CA00D8BEA6 /* Debug */,
				23A3FF811E23D4CA00D8BEA6 /* Release */,
			);
			defaultConfigurationIsVisible = 0;
		};
		23A3FF821E23D4CA00D8BEA6 /* Build configuration list for PBXNativeTarget "ex1-1-4Tests" */ = {
			isa = XCConfigurationList;
			buildConfigurations = (
				23A3FF831E23D4CA00D8BEA6 /* Debug */,
				23A3FF841E23D4CA00D8BEA6 /* Release */,
			);
			defaultConfigurationIsVisible = 0;
		};
		23A3FF851E23D4CA00D8BEA6 /* Build configuration list for PBXNativeTarget "ex1-1-4UITests" */ = {
			isa = XCConfigurationList;
			buildConfigurations = (
				23A3FF861E23D4CA00D8BEA6 /* Debug */,
				23A3FF871E23D4CA00D8BEA6 /* Release */,
			);
			defaultConfigurationIsVisible = 0;
		};
/* End XCConfigurationList section */
	};
	rootObject = 23A3FF4A1E23D4CA00D8BEA6 /* Project object */;
}
