// !$*UTF8*$!
{
	archiveVersion = 1;
	classes = {
	};
	objectVersion = 46;
	objects = {

/* Begin PBXBuildFile section */
		71E17DD01E0A3FF600D8B08B /* main.m in Sources */ = {isa = PBXBuildFile; fileRef = 71E17DCF1E0A3FF600D8B08B /* main.m */; };
		71E17DD31E0A3FF600D8B08B /* AppDelegate.m in Sources */ = {isa = PBXBuildFile; fileRef = 71E17DD21E0A3FF600D8B08B /* AppDelegate.m */; };
		71E17DD61E0A3FF600D8B08B /* ViewController.m in Sources */ = {isa = PBXBuildFile; fileRef = 71E17DD51E0A3FF600D8B08B /* ViewController.m */; };
		71E17DD91E0A3FF600D8B08B /* Main.storyboard in Resources */ = {isa = PBXBuildFile; fileRef = 71E17DD71E0A3FF600D8B08B /* Main.storyboard */; };
		71E17DDB1E0A3FF600D8B08B /* Assets.xcassets in Resources */ = {isa = PBXBuildFile; fileRef = 71E17DDA1E0A3FF600D8B08B /* Assets.xcassets */; };
		71E17DDE1E0A3FF600D8B08B /* LaunchScreen.storyboard in Resources */ = {isa = PBXBuildFile; fileRef = 71E17DDC1E0A3FF600D8B08B /* LaunchScreen.storyboard */; };
		71E17DE91E0A3FF600D8B08B /* ex1_1_2Tests.m in Sources */ = {isa = PBXBuildFile; fileRef = 71E17DE81E0A3FF600D8B08B /* ex1_1_2Tests.m */; };
		71E17DF41E0A3FF600D8B08B /* ex1_1_2UITests.m in Sources */ = {isa = PBXBuildFile; fileRef = 71E17DF31E0A3FF600D8B08B /* ex1_1_2UITests.m */; };
/* End PBXBuildFile section */

/* Begin PBXContainerItemProxy section */
		71E17DE51E0A3FF600D8B08B /* PBXContainerItemProxy */ = {
			isa = PBXContainerItemProxy;
			containerPortal = 71E17DC31E0A3FF600D8B08B /* Project object */;
			proxyType = 1;
			remoteGlobalIDString = 71E17DCA1E0A3FF600D8B08B;
			remoteInfo = "ex1-1-2";
		};
		71E17DF01E0A3FF600D8B08B /* PBXContainerItemProxy */ = {
			isa = PBXContainerItemProxy;
			containerPortal = 71E17DC31E0A3FF600D8B08B /* Project object */;
			proxyType = 1;
			remoteGlobalIDString = 71E17DCA1E0A3FF600D8B08B;
			remoteInfo = "ex1-1-2";
		};
/* End PBXContainerItemProxy section */

/* Begin PBXFileReference section */
		71E17DCB1E0A3FF600D8B08B /* ex1-1-2.app */ = {isa = PBXFileReference; explicitFileType = wrapper.application; includeInIndex = 0; path = "ex1-1-2.app"; sourceTree = BUILT_PRODUCTS_DIR; };
		71E17DCF1E0A3FF600D8B08B /* main.m */ = {isa = PBXFileReference; lastKnownFileType = sourcecode.c.objc; path = main.m; sourceTree = "<group>"; };
		71E17DD11E0A3FF600D8B08B /* AppDelegate.h */ = {isa = PBXFileReference; lastKnownFileType = sourcecode.c.h; path = AppDelegate.h; sourceTree = "<group>"; };
		71E17DD21E0A3FF600D8B08B /* AppDelegate.m */ = {isa = PBXFileReference; lastKnownFileType = sourcecode.c.objc; path = AppDelegate.m; sourceTree = "<group>"; };
		71E17DD41E0A3FF600D8B08B /* ViewController.h */ = {isa = PBXFileReference; lastKnownFileType = sourcecode.c.h; path = ViewController.h; sourceTree = "<group>"; };
		71E17DD51E0A3FF600D8B08B /* ViewController.m */ = {isa = PBXFileReference; lastKnownFileType = sourcecode.c.objc; path = ViewController.m; sourceTree = "<group>"; };
		71E17DD81E0A3FF600D8B08B /* Base */ = {isa = PBXFileReference; lastKnownFileType = file.storyboard; name = Base; path = Base.lproj/Main.storyboard; sourceTree = "<group>"; };
		71E17DDA1E0A3FF600D8B08B /* Assets.xcassets */ = {isa = PBXFileReference; lastKnownFileType = folder.assetcatalog; path = Assets.xcassets; sourceTree = "<group>"; };
		71E17DDD1E0A3FF600D8B08B /* Base */ = {isa = PBXFileReference; lastKnownFileType = file.storyboard; name = Base; path = Base.lproj/LaunchScreen.storyboard; sourceTree = "<group>"; };
		71E17DDF1E0A3FF600D8B08B /* Info.plist */ = {isa = PBXFileReference; lastKnownFileType = text.plist.xml; path = Info.plist; sourceTree = "<group>"; };
		71E17DE41E0A3FF600D8B08B /* ex1-1-2Tests.xctest */ = {isa = PBXFileReference; explicitFileType = wrapper.cfbundle; includeInIndex = 0; path = "ex1-1-2Tests.xctest"; sourceTree = BUILT_PRODUCTS_DIR; };
		71E17DE81E0A3FF600D8B08B /* ex1_1_2Tests.m */ = {isa = PBXFileReference; lastKnownFileType = sourcecode.c.objc; path = ex1_1_2Tests.m; sourceTree = "<group>"; };
		71E17DEA1E0A3FF600D8B08B /* Info.plist */ = {isa = PBXFileReference; lastKnownFileType = text.plist.xml; path = Info.plist; sourceTree = "<group>"; };
		71E17DEF1E0A3FF600D8B08B /* ex1-1-2UITests.xctest */ = {isa = PBXFileReference; explicitFileType = wrapper.cfbundle; includeInIndex = 0; path = "ex1-1-2UITests.xctest"; sourceTree = BUILT_PRODUCTS_DIR; };
		71E17DF31E0A3FF600D8B08B /* ex1_1_2UITests.m */ = {isa = PBXFileReference; lastKnownFileType = sourcecode.c.objc; path = ex1_1_2UITests.m; sourceTree = "<group>"; };
		71E17DF51E0A3FF600D8B08B /* Info.plist */ = {isa = PBXFileReference; lastKnownFileType = text.plist.xml; path = Info.plist; sourceTree = "<group>"; };
/* End PBXFileReference section */

/* Begin PBXFrameworksBuildPhase section */
		71E17DC81E0A3FF600D8B08B /* Frameworks */ = {
			isa = PBXFrameworksBuildPhase;
			buildActionMask = 2147483647;
			files = (
			);
			runOnlyForDeploymentPostprocessing = 0;
		};
		71E17DE11E0A3FF600D8B08B /* Frameworks */ = {
			isa = PBXFrameworksBuildPhase;
			buildActionMask = 2147483647;
			files = (
			);
			runOnlyForDeploymentPostprocessing = 0;
		};
		71E17DEC1E0A3FF600D8B08B /* Frameworks */ = {
			isa = PBXFrameworksBuildPhase;
			buildActionMask = 2147483647;
			files = (
			);
			runOnlyForDeploymentPostprocessing = 0;
		};
/* End PBXFrameworksBuildPhase section */

/* Begin PBXGroup section */
		71E17DC21E0A3FF600D8B08B = {
			isa = PBXGroup;
			children = (
				71E17DCD1E0A3FF600D8B08B /* ex1-1-2 */,
				71E17DE71E0A3FF600D8B08B /* ex1-1-2Tests */,
				71E17DF21E0A3FF600D8B08B /* ex1-1-2UITests */,
				71E17DCC1E0A3FF600D8B08B /* Products */,
			);
			sourceTree = "<group>";
		};
		71E17DCC1E0A3FF600D8B08B /* Products */ = {
			isa = PBXGroup;
			children = (
				71E17DCB1E0A3FF600D8B08B /* ex1-1-2.app */,
				71E17DE41E0A3FF600D8B08B /* ex1-1-2Tests.xctest */,
				71E17DEF1E0A3FF600D8B08B /* ex1-1-2UITests.xctest */,
			);
			name = Products;
			sourceTree = "<group>";
		};
		71E17DCD1E0A3FF600D8B08B /* ex1-1-2 */ = {
			isa = PBXGroup;
			children = (
				71E17DD11E0A3FF600D8B08B /* AppDelegate.h */,
				71E17DD21E0A3FF600D8B08B /* AppDelegate.m */,
				71E17DD41E0A3FF600D8B08B /* ViewController.h */,
				71E17DD51E0A3FF600D8B08B /* ViewController.m */,
				71E17DD71E0A3FF600D8B08B /* Main.storyboard */,
				71E17DDA1E0A3FF600D8B08B /* Assets.xcassets */,
				71E17DDC1E0A3FF600D8B08B /* LaunchScreen.storyboard */,
				71E17DDF1E0A3FF600D8B08B /* Info.plist */,
				71E17DCE1E0A3FF600D8B08B /* Supporting Files */,
			);
			path = "ex1-1-2";
			sourceTree = "<group>";
		};
		71E17DCE1E0A3FF600D8B08B /* Supporting Files */ = {
			isa = PBXGroup;
			children = (
				71E17DCF1E0A3FF600D8B08B /* main.m */,
			);
			name = "Supporting Files";
			sourceTree = "<group>";
		};
		71E17DE71E0A3FF600D8B08B /* ex1-1-2Tests */ = {
			isa = PBXGroup;
			children = (
				71E17DE81E0A3FF600D8B08B /* ex1_1_2Tests.m */,
				71E17DEA1E0A3FF600D8B08B /* Info.plist */,
			);
			path = "ex1-1-2Tests";
			sourceTree = "<group>";
		};
		71E17DF21E0A3FF600D8B08B /* ex1-1-2UITests */ = {
			isa = PBXGroup;
			children = (
				71E17DF31E0A3FF600D8B08B /* ex1_1_2UITests.m */,
				71E17DF51E0A3FF600D8B08B /* Info.plist */,
			);
			path = "ex1-1-2UITests";
			sourceTree = "<group>";
		};
/* End PBXGroup section */

/* Begin PBXNativeTarget section */
		71E17DCA1E0A3FF600D8B08B /* ex1-1-2 */ = {
			isa = PBXNativeTarget;
			buildConfigurationList = 71E17DF81E0A3FF600D8B08B /* Build configuration list for PBXNativeTarget "ex1-1-2" */;
			buildPhases = (
				71E17DC71E0A3FF600D8B08B /* Sources */,
				71E17DC81E0A3FF600D8B08B /* Frameworks */,
				71E17DC91E0A3FF600D8B08B /* Resources */,
			);
			buildRules = (
			);
			dependencies = (
			);
			name = "ex1-1-2";
			productName = "ex1-1-2";
			productReference = 71E17DCB1E0A3FF600D8B08B /* ex1-1-2.app */;
			productType = "com.apple.product-type.application";
		};
		71E17DE31E0A3FF600D8B08B /* ex1-1-2Tests */ = {
			isa = PBXNativeTarget;
			buildConfigurationList = 71E17DFB1E0A3FF600D8B08B /* Build configuration list for PBXNativeTarget "ex1-1-2Tests" */;
			buildPhases = (
				71E17DE01E0A3FF600D8B08B /* Sources */,
				71E17DE11E0A3FF600D8B08B /* Frameworks */,
				71E17DE21E0A3FF600D8B08B /* Resources */,
			);
			buildRules = (
			);
			dependencies = (
				71E17DE61E0A3FF600D8B08B /* PBXTargetDependency */,
			);
			name = "ex1-1-2Tests";
			productName = "ex1-1-2Tests";
			productReference = 71E17DE41E0A3FF600D8B08B /* ex1-1-2Tests.xctest */;
			productType = "com.apple.product-type.bundle.unit-test";
		};
		71E17DEE1E0A3FF600D8B08B /* ex1-1-2UITests */ = {
			isa = PBXNativeTarget;
			buildConfigurationList = 71E17DFE1E0A3FF600D8B08B /* Build configuration list for PBXNativeTarget "ex1-1-2UITests" */;
			buildPhases = (
				71E17DEB1E0A3FF600D8B08B /* Sources */,
				71E17DEC1E0A3FF600D8B08B /* Frameworks */,
				71E17DED1E0A3FF600D8B08B /* Resources */,
			);
			buildRules = (
			);
			dependencies = (
				71E17DF11E0A3FF600D8B08B /* PBXTargetDependency */,
			);
			name = "ex1-1-2UITests";
			productName = "ex1-1-2UITests";
			productReference = 71E17DEF1E0A3FF600D8B08B /* ex1-1-2UITests.xctest */;
			productType = "com.apple.product-type.bundle.ui-testing";
		};
/* End PBXNativeTarget section */

/* Begin PBXProject section */
		71E17DC31E0A3FF600D8B08B /* Project object */ = {
			isa = PBXProject;
			attributes = {
				LastUpgradeCheck = 0730;
				ORGANIZATIONNAME = "ITユーザー";
				TargetAttributes = {
					71E17DCA1E0A3FF600D8B08B = {
						CreatedOnToolsVersion = 7.3;
						DevelopmentTeam = G73UQ8X2NH;
					};
					71E17DE31E0A3FF600D8B08B = {
						CreatedOnToolsVersion = 7.3;
						DevelopmentTeam = G73UQ8X2NH;
						TestTargetID = 71E17DCA1E0A3FF600D8B08B;
					};
					71E17DEE1E0A3FF600D8B08B = {
						CreatedOnToolsVersion = 7.3;
						DevelopmentTeam = G73UQ8X2NH;
						TestTargetID = 71E17DCA1E0A3FF600D8B08B;
					};
				};
			};
			buildConfigurationList = 71E17DC61E0A3FF600D8B08B /* Build configuration list for PBXProject "ex1-1-2" */;
			compatibilityVersion = "Xcode 3.2";
			developmentRegion = English;
			hasScannedForEncodings = 0;
			knownRegions = (
				en,
				Base,
			);
			mainGroup = 71E17DC21E0A3FF600D8B08B;
			productRefGroup = 71E17DCC1E0A3FF600D8B08B /* Products */;
			projectDirPath = "";
			projectRoot = "";
			targets = (
				71E17DCA1E0A3FF600D8B08B /* ex1-1-2 */,
				71E17DE31E0A3FF600D8B08B /* ex1-1-2Tests */,
				71E17DEE1E0A3FF600D8B08B /* ex1-1-2UITests */,
			);
		};
/* End PBXProject section */

/* Begin PBXResourcesBuildPhase section */
		71E17DC91E0A3FF600D8B08B /* Resources */ = {
			isa = PBXResourcesBuildPhase;
			buildActionMask = 2147483647;
			files = (
				71E17DDE1E0A3FF600D8B08B /* LaunchScreen.storyboard in Resources */,
				71E17DDB1E0A3FF600D8B08B /* Assets.xcassets in Resources */,
				71E17DD91E0A3FF600D8B08B /* Main.storyboard in Resources */,
			);
			runOnlyForDeploymentPostprocessing = 0;
		};
		71E17DE21E0A3FF600D8B08B /* Resources */ = {
			isa = PBXResourcesBuildPhase;
			buildActionMask = 2147483647;
			files = (
			);
			runOnlyForDeploymentPostprocessing = 0;
		};
		71E17DED1E0A3FF600D8B08B /* Resources */ = {
			isa = PBXResourcesBuildPhase;
			buildActionMask = 2147483647;
			files = (
			);
			runOnlyForDeploymentPostprocessing = 0;
		};
/* End PBXResourcesBuildPhase section */

/* Begin PBXSourcesBuildPhase section */
		71E17DC71E0A3FF600D8B08B /* Sources */ = {
			isa = PBXSourcesBuildPhase;
			buildActionMask = 2147483647;
			files = (
				71E17DD61E0A3FF600D8B08B /* ViewController.m in Sources */,
				71E17DD31E0A3FF600D8B08B /* AppDelegate.m in Sources */,
				71E17DD01E0A3FF600D8B08B /* main.m in Sources */,
			);
			runOnlyForDeploymentPostprocessing = 0;
		};
		71E17DE01E0A3FF600D8B08B /* Sources */ = {
			isa = PBXSourcesBuildPhase;
			buildActionMask = 2147483647;
			files = (
				71E17DE91E0A3FF600D8B08B /* ex1_1_2Tests.m in Sources */,
			);
			runOnlyForDeploymentPostprocessing = 0;
		};
		71E17DEB1E0A3FF600D8B08B /* Sources */ = {
			isa = PBXSourcesBuildPhase;
			buildActionMask = 2147483647;
			files = (
				71E17DF41E0A3FF600D8B08B /* ex1_1_2UITests.m in Sources */,
			);
			runOnlyForDeploymentPostprocessing = 0;
		};
/* End PBXSourcesBuildPhase section */

/* Begin PBXTargetDependency section */
		71E17DE61E0A3FF600D8B08B /* PBXTargetDependency */ = {
			isa = PBXTargetDependency;
			target = 71E17DCA1E0A3FF600D8B08B /* ex1-1-2 */;
			targetProxy = 71E17DE51E0A3FF600D8B08B /* PBXContainerItemProxy */;
		};
		71E17DF11E0A3FF600D8B08B /* PBXTargetDependency */ = {
			isa = PBXTargetDependency;
			target = 71E17DCA1E0A3FF600D8B08B /* ex1-1-2 */;
			targetProxy = 71E17DF01E0A3FF600D8B08B /* PBXContainerItemProxy */;
		};
/* End PBXTargetDependency section */

/* Begin PBXVariantGroup section */
		71E17DD71E0A3FF600D8B08B /* Main.storyboard */ = {
			isa = PBXVariantGroup;
			children = (
				71E17DD81E0A3FF600D8B08B /* Base */,
			);
			name = Main.storyboard;
			sourceTree = "<group>";
		};
		71E17DDC1E0A3FF600D8B08B /* LaunchScreen.storyboard */ = {
			isa = PBXVariantGroup;
			children = (
				71E17DDD1E0A3FF600D8B08B /* Base */,
			);
			name = LaunchScreen.storyboard;
			sourceTree = "<group>";
		};
/* End PBXVariantGroup section */

/* Begin XCBuildConfiguration section */
		71E17DF61E0A3FF600D8B08B /* Debug */ = {
			isa = XCBuildConfiguration;
			buildSettings = {
				ALWAYS_SEARCH_USER_PATHS = NO;
				CLANG_ANALYZER_NONNULL = YES;
				CLANG_CXX_LANGUAGE_STANDARD = "gnu++0x";
				CLANG_CXX_LIBRARY = "libc++";
				CLANG_ENABLE_MODULES = YES;
				CLANG_ENABLE_OBJC_ARC = YES;
				CLANG_WARN_BOOL_CONVERSION = YES;
				CLANG_WARN_CONSTANT_CONVERSION = YES;
				CLANG_WARN_DIRECT_OBJC_ISA_USAGE = YES_ERROR;
				CLANG_WARN_EMPTY_BODY = YES;
				CLANG_WARN_ENUM_CONVERSION = YES;
				CLANG_WARN_INT_CONVERSION = YES;
				CLANG_WARN_OBJC_ROOT_CLASS = YES_ERROR;
				CLANG_WARN_UNREACHABLE_CODE = YES;
				CLANG_WARN__DUPLICATE_METHOD_MATCH = YES;
				"CODE_SIGN_IDENTITY[sdk=iphoneos*]" = "iPhone Developer";
				COPY_PHASE_STRIP = NO;
				DEBUG_INFORMATION_FORMAT = dwarf;
				ENABLE_STRICT_OBJC_MSGSEND = YES;
				ENABLE_TESTABILITY = YES;
				GCC_C_LANGUAGE_STANDARD = gnu99;
				GCC_DYNAMIC_NO_PIC = NO;
				GCC_NO_COMMON_BLOCKS = YES;
				GCC_OPTIMIZATION_LEVEL = 0;
				GCC_PREPROCESSOR_DEFINITIONS = (
					"DEBUG=1",
					"$(inherited)",
				);
				GCC_WARN_64_TO_32_BIT_CONVERSION = YES;
				GCC_WARN_ABOUT_RETURN_TYPE = YES_ERROR;
				GCC_WARN_UNDECLARED_SELECTOR = YES;
				GCC_WARN_UNINITIALIZED_AUTOS = YES_AGGRESSIVE;
				GCC_WARN_UNUSED_FUNCTION = YES;
				GCC_WARN_UNUSED_VARIABLE = YES;
				IPHONEOS_DEPLOYMENT_TARGET = 9.3;
				MTL_ENABLE_DEBUG_INFO = YES;
				ONLY_ACTIVE_ARCH = YES;
				SDKROOT = iphoneos;
				TARGETED_DEVICE_FAMILY = "1,2";
			};
			name = Debug;
		};
		71E17DF71E0A3FF600D8B08B /* Release */ = {
			isa = XCBuildConfiguration;
			buildSettings = {
				ALWAYS_SEARCH_USER_PATHS = NO;
				CLANG_ANALYZER_NONNULL = YES;
				CLANG_CXX_LANGUAGE_STANDARD = "gnu++0x";
				CLANG_CXX_LIBRARY = "libc++";
				CLANG_ENABLE_MODULES = YES;
				CLANG_ENABLE_OBJC_ARC = YES;
				CLANG_WARN_BOOL_CONVERSION = YES;
				CLANG_WARN_CONSTANT_CONVERSION = YES;
				CLANG_WARN_DIRECT_OBJC_ISA_USAGE = YES_ERROR;
				CLANG_WARN_EMPTY_BODY = YES;
				CLANG_WARN_ENUM_CONVERSION = YES;
				CLANG_WARN_INT_CONVERSION = YES;
				CLANG_WARN_OBJC_ROOT_CLASS = YES_ERROR;
				CLANG_WARN_UNREACHABLE_CODE = YES;
				CLANG_WARN__DUPLICATE_METHOD_MATCH = YES;
				"CODE_SIGN_IDENTITY[sdk=iphoneos*]" = "iPhone Developer";
				COPY_PHASE_STRIP = NO;
				DEBUG_INFORMATION_FORMAT = "dwarf-with-dsym";
				ENABLE_NS_ASSERTIONS = NO;
				ENABLE_STRICT_OBJC_MSGSEND = YES;
				GCC_C_LANGUAGE_STANDARD = gnu99;
				GCC_NO_COMMON_BLOCKS = YES;
				GCC_WARN_64_TO_32_BIT_CONVERSION = YES;
				GCC_WARN_ABOUT_RETURN_TYPE = YES_ERROR;
				GCC_WARN_UNDECLARED_SELECTOR = YES;
				GCC_WARN_UNINITIALIZED_AUTOS = YES_AGGRESSIVE;
				GCC_WARN_UNUSED_FUNCTION = YES;
				GCC_WARN_UNUSED_VARIABLE = YES;
				IPHONEOS_DEPLOYMENT_TARGET = 9.3;
				MTL_ENABLE_DEBUG_INFO = NO;
				SDKROOT = iphoneos;
				TARGETED_DEVICE_FAMILY = "1,2";
				VALIDATE_PRODUCT = YES;
			};
			name = Release;
		};
		71E17DF91E0A3FF600D8B08B /* Debug */ = {
			isa = XCBuildConfiguration;
			buildSettings = {
				ASSETCATALOG_COMPILER_APPICON_NAME = AppIcon;
				INFOPLIST_FILE = "ex1-1-2/Info.plist";
				LD_RUNPATH_SEARCH_PATHS = "$(inherited) @executable_path/Frameworks";
				PRODUCT_BUNDLE_IDENTIFIER = "jp.ac.neec.ex1-1-2";
				PRODUCT_NAME = "$(TARGET_NAME)";
			};
			name = Debug;
		};
		71E17DFA1E0A3FF600D8B08B /* Release */ = {
			isa = XCBuildConfiguration;
			buildSettings = {
				ASSETCATALOG_COMPILER_APPICON_NAME = AppIcon;
				INFOPLIST_FILE = "ex1-1-2/Info.plist";
				LD_RUNPATH_SEARCH_PATHS = "$(inherited) @executable_path/Frameworks";
				PRODUCT_BUNDLE_IDENTIFIER = "jp.ac.neec.ex1-1-2";
				PRODUCT_NAME = "$(TARGET_NAME)";
			};
			name = Release;
		};
		71E17DFC1E0A3FF600D8B08B /* Debug */ = {
			isa = XCBuildConfiguration;
			buildSettings = {
				BUNDLE_LOADER = "$(TEST_HOST)";
				INFOPLIST_FILE = "ex1-1-2Tests/Info.plist";
				LD_RUNPATH_SEARCH_PATHS = "$(inherited) @executable_path/Frameworks @loader_path/Frameworks";
				PRODUCT_BUNDLE_IDENTIFIER = "jp.ac.neec.ex1-1-2Tests";
				PRODUCT_NAME = "$(TARGET_NAME)";
				TEST_HOST = "$(BUILT_PRODUCTS_DIR)/ex1-1-2.app/ex1-1-2";
			};
			name = Debug;
		};
		71E17DFD1E0A3FF600D8B08B /* Release */ = {
			isa = XCBuildConfiguration;
			buildSettings = {
				BUNDLE_LOADER = "$(TEST_HOST)";
				INFOPLIST_FILE = "ex1-1-2Tests/Info.plist";
				LD_RUNPATH_SEARCH_PATHS = "$(inherited) @executable_path/Frameworks @loader_path/Frameworks";
				PRODUCT_BUNDLE_IDENTIFIER = "jp.ac.neec.ex1-1-2Tests";
				PRODUCT_NAME = "$(TARGET_NAME)";
				TEST_HOST = "$(BUILT_PRODUCTS_DIR)/ex1-1-2.app/ex1-1-2";
			};
			name = Release;
		};
		71E17DFF1E0A3FF600D8B08B /* Debug */ = {
			isa = XCBuildConfiguration;
			buildSettings = {
				INFOPLIST_FILE = "ex1-1-2UITests/Info.plist";
				LD_RUNPATH_SEARCH_PATHS = "$(inherited) @executable_path/Frameworks @loader_path/Frameworks";
				PRODUCT_BUNDLE_IDENTIFIER = "jp.ac.neec.ex1-1-2UITests";
				PRODUCT_NAME = "$(TARGET_NAME)";
				TEST_TARGET_NAME = "ex1-1-2";
			};
			name = Debug;
		};
		71E17E001E0A3FF600D8B08B /* Release */ = {
			isa = XCBuildConfiguration;
			buildSettings = {
				INFOPLIST_FILE = "ex1-1-2UITests/Info.plist";
				LD_RUNPATH_SEARCH_PATHS = "$(inherited) @executable_path/Frameworks @loader_path/Frameworks";
				PRODUCT_BUNDLE_IDENTIFIER = "jp.ac.neec.ex1-1-2UITests";
				PRODUCT_NAME = "$(TARGET_NAME)";
				TEST_TARGET_NAME = "ex1-1-2";
			};
			name = Release;
		};
/* End XCBuildConfiguration section */

/* Begin XCConfigurationList section */
		71E17DC61E0A3FF600D8B08B /* Build configuration list for PBXProject "ex1-1-2" */ = {
			isa = XCConfigurationList;
			buildConfigurations = (
				71E17DF61E0A3FF600D8B08B /* Debug */,
				71E17DF71E0A3FF600D8B08B /* Release */,
			);
			defaultConfigurationIsVisible = 0;
			defaultConfigurationName = Release;
		};
		71E17DF81E0A3FF600D8B08B /* Build configuration list for PBXNativeTarget "ex1-1-2" */ = {
			isa = XCConfigurationList;
			buildConfigurations = (
				71E17DF91E0A3FF600D8B08B /* Debug */,
				71E17DFA1E0A3FF600D8B08B /* Release */,
			);
			defaultConfigurationIsVisible = 0;
		};
		71E17DFB1E0A3FF600D8B08B /* Build configuration list for PBXNativeTarget "ex1-1-2Tests" */ = {
			isa = XCConfigurationList;
			buildConfigurations = (
				71E17DFC1E0A3FF600D8B08B /* Debug */,
				71E17DFD1E0A3FF600D8B08B /* Release */,
			);
			defaultConfigurationIsVisible = 0;
		};
		71E17DFE1E0A3FF600D8B08B /* Build configuration list for PBXNativeTarget "ex1-1-2UITests" */ = {
			isa = XCConfigurationList;
			buildConfigurations = (
				71E17DFF1E0A3FF600D8B08B /* Debug */,
				71E17E001E0A3FF600D8B08B /* Release */,
			);
			defaultConfigurationIsVisible = 0;
		};
/* End XCConfigurationList section */
	};
	rootObject = 71E17DC31E0A3FF600D8B08B /* Project object */;
}
