// !$*UTF8*$!
{
	archiveVersion = 1;
	classes = {
	};
	objectVersion = 46;
	objects = {

/* Begin PBXBuildFile section */
		231F05A01E239B0E00635923 /* main.m in Sources */ = {isa = PBXBuildFile; fileRef = 231F059F1E239B0E00635923 /* main.m */; };
		231F05A31E239B0E00635923 /* AppDelegate.m in Sources */ = {isa = PBXBuildFile; fileRef = 231F05A21E239B0E00635923 /* AppDelegate.m */; };
		231F05A61E239B0E00635923 /* ViewController.m in Sources */ = {isa = PBXBuildFile; fileRef = 231F05A51E239B0E00635923 /* ViewController.m */; };
		231F05A91E239B0E00635923 /* Main.storyboard in Resources */ = {isa = PBXBuildFile; fileRef = 231F05A71E239B0E00635923 /* Main.storyboard */; };
		231F05AB1E239B0E00635923 /* Assets.xcassets in Resources */ = {isa = PBXBuildFile; fileRef = 231F05AA1E239B0E00635923 /* Assets.xcassets */; };
		231F05AE1E239B0E00635923 /* LaunchScreen.storyboard in Resources */ = {isa = PBXBuildFile; fileRef = 231F05AC1E239B0E00635923 /* LaunchScreen.storyboard */; };
		231F05B91E239B0E00635923 /* ex1_1_3Tests.m in Sources */ = {isa = PBXBuildFile; fileRef = 231F05B81E239B0E00635923 /* ex1_1_3Tests.m */; };
		231F05C41E239B0E00635923 /* ex1_1_3UITests.m in Sources */ = {isa = PBXBuildFile; fileRef = 231F05C31E239B0E00635923 /* ex1_1_3UITests.m */; };
/* End PBXBuildFile section */

/* Begin PBXContainerItemProxy section */
		231F05B51E239B0E00635923 /* PBXContainerItemProxy */ = {
			isa = PBXContainerItemProxy;
			containerPortal = 231F05931E239B0E00635923 /* Project object */;
			proxyType = 1;
			remoteGlobalIDString = 231F059A1E239B0E00635923;
			remoteInfo = "ex1-1-3";
		};
		231F05C01E239B0E00635923 /* PBXContainerItemProxy */ = {
			isa = PBXContainerItemProxy;
			containerPortal = 231F05931E239B0E00635923 /* Project object */;
			proxyType = 1;
			remoteGlobalIDString = 231F059A1E239B0E00635923;
			remoteInfo = "ex1-1-3";
		};
/* End PBXContainerItemProxy section */

/* Begin PBXFileReference section */
		231F059B1E239B0E00635923 /* ex1-1-3.app */ = {isa = PBXFileReference; explicitFileType = wrapper.application; includeInIndex = 0; path = "ex1-1-3.app"; sourceTree = BUILT_PRODUCTS_DIR; };
		231F059F1E239B0E00635923 /* main.m */ = {isa = PBXFileReference; lastKnownFileType = sourcecode.c.objc; path = main.m; sourceTree = "<group>"; };
		231F05A11E239B0E00635923 /* AppDelegate.h */ = {isa = PBXFileReference; lastKnownFileType = sourcecode.c.h; path = AppDelegate.h; sourceTree = "<group>"; };
		231F05A21E239B0E00635923 /* AppDelegate.m */ = {isa = PBXFileReference; lastKnownFileType = sourcecode.c.objc; path = AppDelegate.m; sourceTree = "<group>"; };
		231F05A41E239B0E00635923 /* ViewController.h */ = {isa = PBXFileReference; lastKnownFileType = sourcecode.c.h; path = ViewController.h; sourceTree = "<group>"; };
		231F05A51E239B0E00635923 /* ViewController.m */ = {isa = PBXFileReference; lastKnownFileType = sourcecode.c.objc; path = ViewController.m; sourceTree = "<group>"; };
		231F05A81E239B0E00635923 /* Base */ = {isa = PBXFileReference; lastKnownFileType = file.storyboard; name = Base; path = Base.lproj/Main.storyboard; sourceTree = "<group>"; };
		231F05AA1E239B0E00635923 /* Assets.xcassets */ = {isa = PBXFileReference; lastKnownFileType = folder.assetcatalog; path = Assets.xcassets; sourceTree = "<group>"; };
		231F05AD1E239B0E00635923 /* Base */ = {isa = PBXFileReference; lastKnownFileType = file.storyboard; name = Base; path = Base.lproj/LaunchScreen.storyboard; sourceTree = "<group>"; };
		231F05AF1E239B0E00635923 /* Info.plist */ = {isa = PBXFileReference; lastKnownFileType = text.plist.xml; path = Info.plist; sourceTree = "<group>"; };
		231F05B41E239B0E00635923 /* ex1-1-3Tests.xctest */ = {isa = PBXFileReference; explicitFileType = wrapper.cfbundle; includeInIndex = 0; path = "ex1-1-3Tests.xctest"; sourceTree = BUILT_PRODUCTS_DIR; };
		231F05B81E239B0E00635923 /* ex1_1_3Tests.m */ = {isa = PBXFileReference; lastKnownFileType = sourcecode.c.objc; path = ex1_1_3Tests.m; sourceTree = "<group>"; };
		231F05BA1E239B0E00635923 /* Info.plist */ = {isa = PBXFileReference; lastKnownFileType = text.plist.xml; path = Info.plist; sourceTree = "<group>"; };
		231F05BF1E239B0E00635923 /* ex1-1-3UITests.xctest */ = {isa = PBXFileReference; explicitFileType = wrapper.cfbundle; includeInIndex = 0; path = "ex1-1-3UITests.xctest"; sourceTree = BUILT_PRODUCTS_DIR; };
		231F05C31E239B0E00635923 /* ex1_1_3UITests.m */ = {isa = PBXFileReference; lastKnownFileType = sourcecode.c.objc; path = ex1_1_3UITests.m; sourceTree = "<group>"; };
		231F05C51E239B0E00635923 /* Info.plist */ = {isa = PBXFileReference; lastKnownFileType = text.plist.xml; path = Info.plist; sourceTree = "<group>"; };
/* End PBXFileReference section */

/* Begin PBXFrameworksBuildPhase section */
		231F05981E239B0E00635923 /* Frameworks */ = {
			isa = PBXFrameworksBuildPhase;
			buildActionMask = 2147483647;
			files = (
			);
			runOnlyForDeploymentPostprocessing = 0;
		};
		231F05B11E239B0E00635923 /* Frameworks */ = {
			isa = PBXFrameworksBuildPhase;
			buildActionMask = 2147483647;
			files = (
			);
			runOnlyForDeploymentPostprocessing = 0;
		};
		231F05BC1E239B0E00635923 /* Frameworks */ = {
			isa = PBXFrameworksBuildPhase;
			buildActionMask = 2147483647;
			files = (
			);
			runOnlyForDeploymentPostprocessing = 0;
		};
/* End PBXFrameworksBuildPhase section */

/* Begin PBXGroup section */
		231F05921E239B0E00635923 = {
			isa = PBXGroup;
			children = (
				231F059D1E239B0E00635923 /* ex1-1-3 */,
				231F05B71E239B0E00635923 /* ex1-1-3Tests */,
				231F05C21E239B0E00635923 /* ex1-1-3UITests */,
				231F059C1E239B0E00635923 /* Products */,
			);
			sourceTree = "<group>";
		};
		231F059C1E239B0E00635923 /* Products */ = {
			isa = PBXGroup;
			children = (
				231F059B1E239B0E00635923 /* ex1-1-3.app */,
				231F05B41E239B0E00635923 /* ex1-1-3Tests.xctest */,
				231F05BF1E239B0E00635923 /* ex1-1-3UITests.xctest */,
			);
			name = Products;
			sourceTree = "<group>";
		};
		231F059D1E239B0E00635923 /* ex1-1-3 */ = {
			isa = PBXGroup;
			children = (
				231F05A11E239B0E00635923 /* AppDelegate.h */,
				231F05A21E239B0E00635923 /* AppDelegate.m */,
				231F05A41E239B0E00635923 /* ViewController.h */,
				231F05A51E239B0E00635923 /* ViewController.m */,
				231F05A71E239B0E00635923 /* Main.storyboard */,
				231F05AA1E239B0E00635923 /* Assets.xcassets */,
				231F05AC1E239B0E00635923 /* LaunchScreen.storyboard */,
				231F05AF1E239B0E00635923 /* Info.plist */,
				231F059E1E239B0E00635923 /* Supporting Files */,
			);
			path = "ex1-1-3";
			sourceTree = "<group>";
		};
		231F059E1E239B0E00635923 /* Supporting Files */ = {
			isa = PBXGroup;
			children = (
				231F059F1E239B0E00635923 /* main.m */,
			);
			name = "Supporting Files";
			sourceTree = "<group>";
		};
		231F05B71E239B0E00635923 /* ex1-1-3Tests */ = {
			isa = PBXGroup;
			children = (
				231F05B81E239B0E00635923 /* ex1_1_3Tests.m */,
				231F05BA1E239B0E00635923 /* Info.plist */,
			);
			path = "ex1-1-3Tests";
			sourceTree = "<group>";
		};
		231F05C21E239B0E00635923 /* ex1-1-3UITests */ = {
			isa = PBXGroup;
			children = (
				231F05C31E239B0E00635923 /* ex1_1_3UITests.m */,
				231F05C51E239B0E00635923 /* Info.plist */,
			);
			path = "ex1-1-3UITests";
			sourceTree = "<group>";
		};
/* End PBXGroup section */

/* Begin PBXNativeTarget section */
		231F059A1E239B0E00635923 /* ex1-1-3 */ = {
			isa = PBXNativeTarget;
			buildConfigurationList = 231F05C81E239B0E00635923 /* Build configuration list for PBXNativeTarget "ex1-1-3" */;
			buildPhases = (
				231F05971E239B0E00635923 /* Sources */,
				231F05981E239B0E00635923 /* Frameworks */,
				231F05991E239B0E00635923 /* Resources */,
			);
			buildRules = (
			);
			dependencies = (
			);
			name = "ex1-1-3";
			productName = "ex1-1-3";
			productReference = 231F059B1E239B0E00635923 /* ex1-1-3.app */;
			productType = "com.apple.product-type.application";
		};
		231F05B31E239B0E00635923 /* ex1-1-3Tests */ = {
			isa = PBXNativeTarget;
			buildConfigurationList = 231F05CB1E239B0E00635923 /* Build configuration list for PBXNativeTarget "ex1-1-3Tests" */;
			buildPhases = (
				231F05B01E239B0E00635923 /* Sources */,
				231F05B11E239B0E00635923 /* Frameworks */,
				231F05B21E239B0E00635923 /* Resources */,
			);
			buildRules = (
			);
			dependencies = (
				231F05B61E239B0E00635923 /* PBXTargetDependency */,
			);
			name = "ex1-1-3Tests";
			productName = "ex1-1-3Tests";
			productReference = 231F05B41E239B0E00635923 /* ex1-1-3Tests.xctest */;
			productType = "com.apple.product-type.bundle.unit-test";
		};
		231F05BE1E239B0E00635923 /* ex1-1-3UITests */ = {
			isa = PBXNativeTarget;
			buildConfigurationList = 231F05CE1E239B0E00635923 /* Build configuration list for PBXNativeTarget "ex1-1-3UITests" */;
			buildPhases = (
				231F05BB1E239B0E00635923 /* Sources */,
				231F05BC1E239B0E00635923 /* Frameworks */,
				231F05BD1E239B0E00635923 /* Resources */,
			);
			buildRules = (
			);
			dependencies = (
				231F05C11E239B0E00635923 /* PBXTargetDependency */,
			);
			name = "ex1-1-3UITests";
			productName = "ex1-1-3UITests";
			productReference = 231F05BF1E239B0E00635923 /* ex1-1-3UITests.xctest */;
			productType = "com.apple.product-type.bundle.ui-testing";
		};
/* End PBXNativeTarget section */

/* Begin PBXProject section */
		231F05931E239B0E00635923 /* Project object */ = {
			isa = PBXProject;
			attributes = {
				LastUpgradeCheck = 0730;
				ORGANIZATIONNAME = B015;
				TargetAttributes = {
					231F059A1E239B0E00635923 = {
						CreatedOnToolsVersion = 7.3;
					};
					231F05B31E239B0E00635923 = {
						CreatedOnToolsVersion = 7.3;
						TestTargetID = 231F059A1E239B0E00635923;
					};
					231F05BE1E239B0E00635923 = {
						CreatedOnToolsVersion = 7.3;
						TestTargetID = 231F059A1E239B0E00635923;
					};
				};
			};
			buildConfigurationList = 231F05961E239B0E00635923 /* Build configuration list for PBXProject "ex1-1-3" */;
			compatibilityVersion = "Xcode 3.2";
			developmentRegion = English;
			hasScannedForEncodings = 0;
			knownRegions = (
				en,
				Base,
			);
			mainGroup = 231F05921E239B0E00635923;
			productRefGroup = 231F059C1E239B0E00635923 /* Products */;
			projectDirPath = "";
			projectRoot = "";
			targets = (
				231F059A1E239B0E00635923 /* ex1-1-3 */,
				231F05B31E239B0E00635923 /* ex1-1-3Tests */,
				231F05BE1E239B0E00635923 /* ex1-1-3UITests */,
			);
		};
/* End PBXProject section */

/* Begin PBXResourcesBuildPhase section */
		231F05991E239B0E00635923 /* Resources */ = {
			isa = PBXResourcesBuildPhase;
			buildActionMask = 2147483647;
			files = (
				231F05AE1E239B0E00635923 /* LaunchScreen.storyboard in Resources */,
				231F05AB1E239B0E00635923 /* Assets.xcassets in Resources */,
				231F05A91E239B0E00635923 /* Main.storyboard in Resources */,
			);
			runOnlyForDeploymentPostprocessing = 0;
		};
		231F05B21E239B0E00635923 /* Resources */ = {
			isa = PBXResourcesBuildPhase;
			buildActionMask = 2147483647;
			files = (
			);
			runOnlyForDeploymentPostprocessing = 0;
		};
		231F05BD1E239B0E00635923 /* Resources */ = {
			isa = PBXResourcesBuildPhase;
			buildActionMask = 2147483647;
			files = (
			);
			runOnlyForDeploymentPostprocessing = 0;
		};
/* End PBXResourcesBuildPhase section */

/* Begin PBXSourcesBuildPhase section */
		231F05971E239B0E00635923 /* Sources */ = {
			isa = PBXSourcesBuildPhase;
			buildActionMask = 2147483647;
			files = (
				231F05A61E239B0E00635923 /* ViewController.m in Sources */,
				231F05A31E239B0E00635923 /* AppDelegate.m in Sources */,
				231F05A01E239B0E00635923 /* main.m in Sources */,
			);
			runOnlyForDeploymentPostprocessing = 0;
		};
		231F05B01E239B0E00635923 /* Sources */ = {
			isa = PBXSourcesBuildPhase;
			buildActionMask = 2147483647;
			files = (
				231F05B91E239B0E00635923 /* ex1_1_3Tests.m in Sources */,
			);
			runOnlyForDeploymentPostprocessing = 0;
		};
		231F05BB1E239B0E00635923 /* Sources */ = {
			isa = PBXSourcesBuildPhase;
			buildActionMask = 2147483647;
			files = (
				231F05C41E239B0E00635923 /* ex1_1_3UITests.m in Sources */,
			);
			runOnlyForDeploymentPostprocessing = 0;
		};
/* End PBXSourcesBuildPhase section */

/* Begin PBXTargetDependency section */
		231F05B61E239B0E00635923 /* PBXTargetDependency */ = {
			isa = PBXTargetDependency;
			target = 231F059A1E239B0E00635923 /* ex1-1-3 */;
			targetProxy = 231F05B51E239B0E00635923 /* PBXContainerItemProxy */;
		};
		231F05C11E239B0E00635923 /* PBXTargetDependency */ = {
			isa = PBXTargetDependency;
			target = 231F059A1E239B0E00635923 /* ex1-1-3 */;
			targetProxy = 231F05C01E239B0E00635923 /* PBXContainerItemProxy */;
		};
/* End PBXTargetDependency section */

/* Begin PBXVariantGroup section */
		231F05A71E239B0E00635923 /* Main.storyboard */ = {
			isa = PBXVariantGroup;
			children = (
				231F05A81E239B0E00635923 /* Base */,
			);
			name = Main.storyboard;
			sourceTree = "<group>";
		};
		231F05AC1E239B0E00635923 /* LaunchScreen.storyboard */ = {
			isa = PBXVariantGroup;
			children = (
				231F05AD1E239B0E00635923 /* Base */,
			);
			name = LaunchScreen.storyboard;
			sourceTree = "<group>";
		};
/* End PBXVariantGroup section */

/* Begin XCBuildConfiguration section */
		231F05C61E239B0E00635923 /* Debug */ = {
			isa = XCBuildConfiguration;
			buildSettings = {
				ALWAYS_SEARCH_USER_PATHS = NO;
				CLANG_ANALYZER_NONNULL = YES;
				CLANG_CXX_LANGUAGE_STANDARD = "gnu++0x";
				CLANG_CXX_LIBRARY = "libc++";
				CLANG_ENABLE_MODULES = YES;
				CLANG_ENABLE_OBJC_ARC = YES;
				CLANG_WARN_BOOL_CONVERSION = YES;
				CLANG_WARN_CONSTANT_CONVERSION = YES;
				CLANG_WARN_DIRECT_OBJC_ISA_USAGE = YES_ERROR;
				CLANG_WARN_EMPTY_BODY = YES;
				CLANG_WARN_ENUM_CONVERSION = YES;
				CLANG_WARN_INT_CONVERSION = YES;
				CLANG_WARN_OBJC_ROOT_CLASS = YES_ERROR;
				CLANG_WARN_UNREACHABLE_CODE = YES;
				CLANG_WARN__DUPLICATE_METHOD_MATCH = YES;
				"CODE_SIGN_IDENTITY[sdk=iphoneos*]" = "iPhone Developer";
				COPY_PHASE_STRIP = NO;
				DEBUG_INFORMATION_FORMAT = dwarf;
				ENABLE_STRICT_OBJC_MSGSEND = YES;
				ENABLE_TESTABILITY = YES;
				GCC_C_LANGUAGE_STANDARD = gnu99;
				GCC_DYNAMIC_NO_PIC = NO;
				GCC_NO_COMMON_BLOCKS = YES;
				GCC_OPTIMIZATION_LEVEL = 0;
				GCC_PREPROCESSOR_DEFINITIONS = (
					"DEBUG=1",
					"$(inherited)",
				);
				GCC_WARN_64_TO_32_BIT_CONVERSION = YES;
				GCC_WARN_ABOUT_RETURN_TYPE = YES_ERROR;
				GCC_WARN_UNDECLARED_SELECTOR = YES;
				GCC_WARN_UNINITIALIZED_AUTOS = YES_AGGRESSIVE;
				GCC_WARN_UNUSED_FUNCTION = YES;
				GCC_WARN_UNUSED_VARIABLE = YES;
				IPHONEOS_DEPLOYMENT_TARGET = 9.3;
				MTL_ENABLE_DEBUG_INFO = YES;
				ONLY_ACTIVE_ARCH = YES;
				SDKROOT = iphoneos;
			};
			name = Debug;
		};
		231F05C71E239B0E00635923 /* Release */ = {
			isa = XCBuildConfiguration;
			buildSettings = {
				ALWAYS_SEARCH_USER_PATHS = NO;
				CLANG_ANALYZER_NONNULL = YES;
				CLANG_CXX_LANGUAGE_STANDARD = "gnu++0x";
				CLANG_CXX_LIBRARY = "libc++";
				CLANG_ENABLE_MODULES = YES;
				CLANG_ENABLE_OBJC_ARC = YES;
				CLANG_WARN_BOOL_CONVERSION = YES;
				CLANG_WARN_CONSTANT_CONVERSION = YES;
				CLANG_WARN_DIRECT_OBJC_ISA_USAGE = YES_ERROR;
				CLANG_WARN_EMPTY_BODY = YES;
				CLANG_WARN_ENUM_CONVERSION = YES;
				CLANG_WARN_INT_CONVERSION = YES;
				CLANG_WARN_OBJC_ROOT_CLASS = YES_ERROR;
				CLANG_WARN_UNREACHABLE_CODE = YES;
				CLANG_WARN__DUPLICATE_METHOD_MATCH = YES;
				"CODE_SIGN_IDENTITY[sdk=iphoneos*]" = "iPhone Developer";
				COPY_PHASE_STRIP = NO;
				DEBUG_INFORMATION_FORMAT = "dwarf-with-dsym";
				ENABLE_NS_ASSERTIONS = NO;
				ENABLE_STRICT_OBJC_MSGSEND = YES;
				GCC_C_LANGUAGE_STANDARD = gnu99;
				GCC_NO_COMMON_BLOCKS = YES;
				GCC_WARN_64_TO_32_BIT_CONVERSION = YES;
				GCC_WARN_ABOUT_RETURN_TYPE = YES_ERROR;
				GCC_WARN_UNDECLARED_SELECTOR = YES;
				GCC_WARN_UNINITIALIZED_AUTOS = YES_AGGRESSIVE;
				GCC_WARN_UNUSED_FUNCTION = YES;
				GCC_WARN_UNUSED_VARIABLE = YES;
				IPHONEOS_DEPLOYMENT_TARGET = 9.3;
				MTL_ENABLE_DEBUG_INFO = NO;
				SDKROOT = iphoneos;
				VALIDATE_PRODUCT = YES;
			};
			name = Release;
		};
		231F05C91E239B0E00635923 /* Debug */ = {
			isa = XCBuildConfiguration;
			buildSettings = {
				ASSETCATALOG_COMPILER_APPICON_NAME = AppIcon;
				INFOPLIST_FILE = "ex1-1-3/Info.plist";
				LD_RUNPATH_SEARCH_PATHS = "$(inherited) @executable_path/Frameworks";
				PRODUCT_BUNDLE_IDENTIFIER = "aaa.ex1-1-3";
				PRODUCT_NAME = "$(TARGET_NAME)";
			};
			name = Debug;
		};
		231F05CA1E239B0E00635923 /* Release */ = {
			isa = XCBuildConfiguration;
			buildSettings = {
				ASSETCATALOG_COMPILER_APPICON_NAME = AppIcon;
				INFOPLIST_FILE = "ex1-1-3/Info.plist";
				LD_RUNPATH_SEARCH_PATHS = "$(inherited) @executable_path/Frameworks";
				PRODUCT_BUNDLE_IDENTIFIER = "aaa.ex1-1-3";
				PRODUCT_NAME = "$(TARGET_NAME)";
			};
			name = Release;
		};
		231F05CC1E239B0E00635923 /* Debug */ = {
			isa = XCBuildConfiguration;
			buildSettings = {
				BUNDLE_LOADER = "$(TEST_HOST)";
				INFOPLIST_FILE = "ex1-1-3Tests/Info.plist";
				LD_RUNPATH_SEARCH_PATHS = "$(inherited) @executable_path/Frameworks @loader_path/Frameworks";
				PRODUCT_BUNDLE_IDENTIFIER = "aaa.ex1-1-3Tests";
				PRODUCT_NAME = "$(TARGET_NAME)";
				TEST_HOST = "$(BUILT_PRODUCTS_DIR)/ex1-1-3.app/ex1-1-3";
			};
			name = Debug;
		};
		231F05CD1E239B0E00635923 /* Release */ = {
			isa = XCBuildConfiguration;
			buildSettings = {
				BUNDLE_LOADER = "$(TEST_HOST)";
				INFOPLIST_FILE = "ex1-1-3Tests/Info.plist";
				LD_RUNPATH_SEARCH_PATHS = "$(inherited) @executable_path/Frameworks @loader_path/Frameworks";
				PRODUCT_BUNDLE_IDENTIFIER = "aaa.ex1-1-3Tests";
				PRODUCT_NAME = "$(TARGET_NAME)";
				TEST_HOST = "$(BUILT_PRODUCTS_DIR)/ex1-1-3.app/ex1-1-3";
			};
			name = Release;
		};
		231F05CF1E239B0E00635923 /* Debug */ = {
			isa = XCBuildConfiguration;
			buildSettings = {
				INFOPLIST_FILE = "ex1-1-3UITests/Info.plist";
				LD_RUNPATH_SEARCH_PATHS = "$(inherited) @executable_path/Frameworks @loader_path/Frameworks";
				PRODUCT_BUNDLE_IDENTIFIER = "aaa.ex1-1-3UITests";
				PRODUCT_NAME = "$(TARGET_NAME)";
				TEST_TARGET_NAME = "ex1-1-3";
			};
			name = Debug;
		};
		231F05D01E239B0E00635923 /* Release */ = {
			isa = XCBuildConfiguration;
			buildSettings = {
				INFOPLIST_FILE = "ex1-1-3UITests/Info.plist";
				LD_RUNPATH_SEARCH_PATHS = "$(inherited) @executable_path/Frameworks @loader_path/Frameworks";
				PRODUCT_BUNDLE_IDENTIFIER = "aaa.ex1-1-3UITests";
				PRODUCT_NAME = "$(TARGET_NAME)";
				TEST_TARGET_NAME = "ex1-1-3";
			};
			name = Release;
		};
/* End XCBuildConfiguration section */

/* Begin XCConfigurationList section */
		231F05961E239B0E00635923 /* Build configuration list for PBXProject "ex1-1-3" */ = {
			isa = XCConfigurationList;
			buildConfigurations = (
				231F05C61E239B0E00635923 /* Debug */,
				231F05C71E239B0E00635923 /* Release */,
			);
			defaultConfigurationIsVisible = 0;
			defaultConfigurationName = Release;
		};
		231F05C81E239B0E00635923 /* Build configuration list for PBXNativeTarget "ex1-1-3" */ = {
			isa = XCConfigurationList;
			buildConfigurations = (
				231F05C91E239B0E00635923 /* Debug */,
				231F05CA1E239B0E00635923 /* Release */,
			);
			defaultConfigurationIsVisible = 0;
		};
		231F05CB1E239B0E00635923 /* Build configuration list for PBXNativeTarget "ex1-1-3Tests" */ = {
			isa = XCConfigurationList;
			buildConfigurations = (
				231F05CC1E239B0E00635923 /* Debug */,
				231F05CD1E239B0E00635923 /* Release */,
			);
			defaultConfigurationIsVisible = 0;
		};
		231F05CE1E239B0E00635923 /* Build configuration list for PBXNativeTarget "ex1-1-3UITests" */ = {
			isa = XCConfigurationList;
			buildConfigurations = (
				231F05CF1E239B0E00635923 /* Debug */,
				231F05D01E239B0E00635923 /* Release */,
			);
			defaultConfigurationIsVisible = 0;
		};
/* End XCConfigurationList section */
	};
	rootObject = 231F05931E239B0E00635923 /* Project object */;
}
